// !$*UTF8*$!
{
	archiveVersion = 1;
	classes = {
	};
	objectVersion = 56;
	objects = {

/* Begin PBXBuildFile section */
		72213BA22B1D159C00590D99 /* CherriApp.swift in Sources */ = {isa = PBXBuildFile; fileRef = 72213BA12B1D159C00590D99 /* CherriApp.swift */; };
		72213BA42B1D159C00590D99 /* CherriDocument.swift in Sources */ = {isa = PBXBuildFile; fileRef = 72213BA32B1D159C00590D99 /* CherriDocument.swift */; };
		72213BA62B1D159C00590D99 /* ContentView.swift in Sources */ = {isa = PBXBuildFile; fileRef = 72213BA52B1D159C00590D99 /* ContentView.swift */; };
		72213BA82B1D159E00590D99 /* Assets.xcassets in Resources */ = {isa = PBXBuildFile; fileRef = 72213BA72B1D159E00590D99 /* Assets.xcassets */; };
		72213BAB2B1D159E00590D99 /* Preview Assets.xcassets in Resources */ = {isa = PBXBuildFile; fileRef = 72213BAA2B1D159E00590D99 /* Preview Assets.xcassets */; };
		72213BB72B1D159E00590D99 /* CherriTests.swift in Sources */ = {isa = PBXBuildFile; fileRef = 72213BB62B1D159E00590D99 /* CherriTests.swift */; };
		72213BC12B1D159E00590D99 /* CherriUITests.swift in Sources */ = {isa = PBXBuildFile; fileRef = 72213BC02B1D159E00590D99 /* CherriUITests.swift */; };
		72213BC32B1D159E00590D99 /* CherriUITestsLaunchTests.swift in Sources */ = {isa = PBXBuildFile; fileRef = 72213BC22B1D159E00590D99 /* CherriUITestsLaunchTests.swift */; };
		72213BD12B1D17BE00590D99 /* CodeEditorView in Frameworks */ = {isa = PBXBuildFile; productRef = 72213BD02B1D17BE00590D99 /* CodeEditorView */; };
		72213BD32B1D17BE00590D99 /* LanguageSupport in Frameworks */ = {isa = PBXBuildFile; productRef = 72213BD22B1D17BE00590D99 /* LanguageSupport */; };
		724298CC2E89844900BF5234 /* CherriAppIcon.icon in Resources */ = {isa = PBXBuildFile; fileRef = 724298CB2E89844900BF5234 /* CherriAppIcon.icon */; };
		728358452D5EB38A007F02AD /* cherri_binary in Resources */ = {isa = PBXBuildFile; fileRef = 72213BD42B1D24EB00590D99 /* cherri_binary */; };
		72D4674F2B578C9A00547002 /* AppDelegate.swift in Sources */ = {isa = PBXBuildFile; fileRef = 72D4674E2B578C9A00547002 /* AppDelegate.swift */; };
		72D467512B578CB300547002 /* AboutView.swift in Sources */ = {isa = PBXBuildFile; fileRef = 72D467502B578CB300547002 /* AboutView.swift */; };
		72F863B82B2A870C00A98DE6 /* CherriSettings.swift in Sources */ = {isa = PBXBuildFile; fileRef = 72F863B72B2A870C00A98DE6 /* CherriSettings.swift */; };
/* End PBXBuildFile section */

/* Begin PBXContainerItemProxy section */
		72213BB32B1D159E00590D99 /* PBXContainerItemProxy */ = {
			isa = PBXContainerItemProxy;
			containerPortal = 72213B962B1D159B00590D99 /* Project object */;
			proxyType = 1;
			remoteGlobalIDString = 72213B9D2B1D159C00590D99;
			remoteInfo = Cherri;
		};
		72213BBD2B1D159E00590D99 /* PBXContainerItemProxy */ = {
			isa = PBXContainerItemProxy;
			containerPortal = 72213B962B1D159B00590D99 /* Project object */;
			proxyType = 1;
			remoteGlobalIDString = 72213B9D2B1D159C00590D99;
			remoteInfo = Cherri;
		};
/* End PBXContainerItemProxy section */

/* Begin PBXFileReference section */
		72213B9E2B1D159C00590D99 /* Cherri.app */ = {isa = PBXFileReference; explicitFileType = wrapper.application; includeInIndex = 0; path = Cherri.app; sourceTree = BUILT_PRODUCTS_DIR; };
		72213BA12B1D159C00590D99 /* CherriApp.swift */ = {isa = PBXFileReference; lastKnownFileType = sourcecode.swift; path = CherriApp.swift; sourceTree = "<group>"; };
		72213BA32B1D159C00590D99 /* CherriDocument.swift */ = {isa = PBXFileReference; lastKnownFileType = sourcecode.swift; path = CherriDocument.swift; sourceTree = "<group>"; };
		72213BA52B1D159C00590D99 /* ContentView.swift */ = {isa = PBXFileReference; lastKnownFileType = sourcecode.swift; path = ContentView.swift; sourceTree = "<group>"; };
		72213BA72B1D159E00590D99 /* Assets.xcassets */ = {isa = PBXFileReference; lastKnownFileType = folder.assetcatalog; path = Assets.xcassets; sourceTree = "<group>"; };
		72213BAA2B1D159E00590D99 /* Preview Assets.xcassets */ = {isa = PBXFileReference; lastKnownFileType = folder.assetcatalog; path = "Preview Assets.xcassets"; sourceTree = "<group>"; };
		72213BAC2B1D159E00590D99 /* Info.plist */ = {isa = PBXFileReference; lastKnownFileType = text.plist.xml; path = Info.plist; sourceTree = "<group>"; };
		72213BAD2B1D159E00590D99 /* Cherri.entitlements */ = {isa = PBXFileReference; lastKnownFileType = text.plist.entitlements; path = Cherri.entitlements; sourceTree = "<group>"; };
		72213BB22B1D159E00590D99 /* CherriTests.xctest */ = {isa = PBXFileReference; explicitFileType = wrapper.cfbundle; includeInIndex = 0; path = CherriTests.xctest; sourceTree = BUILT_PRODUCTS_DIR; };
		72213BB62B1D159E00590D99 /* CherriTests.swift */ = {isa = PBXFileReference; lastKnownFileType = sourcecode.swift; path = CherriTests.swift; sourceTree = "<group>"; };
		72213BBC2B1D159E00590D99 /* CherriUITests.xctest */ = {isa = PBXFileReference; explicitFileType = wrapper.cfbundle; includeInIndex = 0; path = CherriUITests.xctest; sourceTree = BUILT_PRODUCTS_DIR; };
		72213BC02B1D159E00590D99 /* CherriUITests.swift */ = {isa = PBXFileReference; lastKnownFileType = sourcecode.swift; path = CherriUITests.swift; sourceTree = "<group>"; };
		72213BC22B1D159E00590D99 /* CherriUITestsLaunchTests.swift */ = {isa = PBXFileReference; lastKnownFileType = sourcecode.swift; path = CherriUITestsLaunchTests.swift; sourceTree = "<group>"; };
		72213BD42B1D24EB00590D99 /* cherri_binary */ = {isa = PBXFileReference; lastKnownFileType = "compiled.mach-o.executable"; path = cherri_binary; sourceTree = "<group>"; };
		724298CB2E89844900BF5234 /* CherriAppIcon.icon */ = {isa = PBXFileReference; lastKnownFileType = folder.iconcomposer.icon; path = CherriAppIcon.icon; sourceTree = "<group>"; };
		72D4674E2B578C9A00547002 /* AppDelegate.swift */ = {isa = PBXFileReference; lastKnownFileType = sourcecode.swift; path = AppDelegate.swift; sourceTree = "<group>"; };
		72D467502B578CB300547002 /* AboutView.swift */ = {isa = PBXFileReference; lastKnownFileType = sourcecode.swift; path = AboutView.swift; sourceTree = "<group>"; };
		72F863B72B2A870C00A98DE6 /* CherriSettings.swift */ = {isa = PBXFileReference; lastKnownFileType = sourcecode.swift; path = CherriSettings.swift; sourceTree = "<group>"; };
/* End PBXFileReference section */

/* Begin PBXFrameworksBuildPhase section */
		72213B9B2B1D159C00590D99 /* Frameworks */ = {
			isa = PBXFrameworksBuildPhase;
			buildActionMask = 2147483647;
			files = (
				72213BD32B1D17BE00590D99 /* LanguageSupport in Frameworks */,
				72213BD12B1D17BE00590D99 /* CodeEditorView in Frameworks */,
			);
			runOnlyForDeploymentPostprocessing = 0;
		};
		72213BAF2B1D159E00590D99 /* Frameworks */ = {
			isa = PBXFrameworksBuildPhase;
			buildActionMask = 2147483647;
			files = (
			);
			runOnlyForDeploymentPostprocessing = 0;
		};
		72213BB92B1D159E00590D99 /* Frameworks */ = {
			isa = PBXFrameworksBuildPhase;
			buildActionMask = 2147483647;
			files = (
			);
			runOnlyForDeploymentPostprocessing = 0;
		};
/* End PBXFrameworksBuildPhase section */

/* Begin PBXGroup section */
		72213B952B1D159B00590D99 = {
			isa = PBXGroup;
			children = (
				72213BA02B1D159C00590D99 /* Cherri */,
				72213BB52B1D159E00590D99 /* CherriTests */,
				72213BBF2B1D159E00590D99 /* CherriUITests */,
				72213B9F2B1D159C00590D99 /* Products */,
			);
			sourceTree = "<group>";
		};
		72213B9F2B1D159C00590D99 /* Products */ = {
			isa = PBXGroup;
			children = (
				72213B9E2B1D159C00590D99 /* Cherri.app */,
				72213BB22B1D159E00590D99 /* CherriTests.xctest */,
				72213BBC2B1D159E00590D99 /* CherriUITests.xctest */,
			);
			name = Products;
			sourceTree = "<group>";
		};
		72213BA02B1D159C00590D99 /* Cherri */ = {
			isa = PBXGroup;
			children = (
				72213BA12B1D159C00590D99 /* CherriApp.swift */,
				72D4674E2B578C9A00547002 /* AppDelegate.swift */,
				72D467502B578CB300547002 /* AboutView.swift */,
				72213BA32B1D159C00590D99 /* CherriDocument.swift */,
				72213BD42B1D24EB00590D99 /* cherri_binary */,
				72213BA52B1D159C00590D99 /* ContentView.swift */,
				72213BA72B1D159E00590D99 /* Assets.xcassets */,
				72213BAC2B1D159E00590D99 /* Info.plist */,
				72213BAD2B1D159E00590D99 /* Cherri.entitlements */,
				72213BA92B1D159E00590D99 /* Preview Content */,
				72F863B72B2A870C00A98DE6 /* CherriSettings.swift */,
				724298CB2E89844900BF5234 /* CherriAppIcon.icon */,
			);
			path = Cherri;
			sourceTree = "<group>";
		};
		72213BA92B1D159E00590D99 /* Preview Content */ = {
			isa = PBXGroup;
			children = (
				72213BAA2B1D159E00590D99 /* Preview Assets.xcassets */,
			);
			path = "Preview Content";
			sourceTree = "<group>";
		};
		72213BB52B1D159E00590D99 /* CherriTests */ = {
			isa = PBXGroup;
			children = (
				72213BB62B1D159E00590D99 /* CherriTests.swift */,
			);
			path = CherriTests;
			sourceTree = "<group>";
		};
		72213BBF2B1D159E00590D99 /* CherriUITests */ = {
			isa = PBXGroup;
			children = (
				72213BC02B1D159E00590D99 /* CherriUITests.swift */,
				72213BC22B1D159E00590D99 /* CherriUITestsLaunchTests.swift */,
			);
			path = CherriUITests;
			sourceTree = "<group>";
		};
/* End PBXGroup section */

/* Begin PBXNativeTarget section */
		72213B9D2B1D159C00590D99 /* Cherri */ = {
			isa = PBXNativeTarget;
			buildConfigurationList = 72213BC62B1D159E00590D99 /* Build configuration list for PBXNativeTarget "Cherri" */;
			buildPhases = (
				72213B9A2B1D159C00590D99 /* Sources */,
				72213B9B2B1D159C00590D99 /* Frameworks */,
				7283584A2D5EBB28007F02AD /* ShellScript */,
				72213B9C2B1D159C00590D99 /* Resources */,
			);
			buildRules = (
			);
			dependencies = (
			);
			name = Cherri;
			packageProductDependencies = (
				72213BD02B1D17BE00590D99 /* CodeEditorView */,
				72213BD22B1D17BE00590D99 /* LanguageSupport */,
			);
			productName = Cherri;
			productReference = 72213B9E2B1D159C00590D99 /* Cherri.app */;
			productType = "com.apple.product-type.application";
		};
		72213BB12B1D159E00590D99 /* CherriTests */ = {
			isa = PBXNativeTarget;
			buildConfigurationList = 72213BC92B1D159E00590D99 /* Build configuration list for PBXNativeTarget "CherriTests" */;
			buildPhases = (
				72213BAE2B1D159E00590D99 /* Sources */,
				72213BAF2B1D159E00590D99 /* Frameworks */,
				72213BB02B1D159E00590D99 /* Resources */,
			);
			buildRules = (
			);
			dependencies = (
				72213BB42B1D159E00590D99 /* PBXTargetDependency */,
			);
			name = CherriTests;
			productName = CherriTests;
			productReference = 72213BB22B1D159E00590D99 /* CherriTests.xctest */;
			productType = "com.apple.product-type.bundle.unit-test";
		};
		72213BBB2B1D159E00590D99 /* CherriUITests */ = {
			isa = PBXNativeTarget;
			buildConfigurationList = 72213BCC2B1D159E00590D99 /* Build configuration list for PBXNativeTarget "CherriUITests" */;
			buildPhases = (
				72213BB82B1D159E00590D99 /* Sources */,
				72213BB92B1D159E00590D99 /* Frameworks */,
				72213BBA2B1D159E00590D99 /* Resources */,
			);
			buildRules = (
			);
			dependencies = (
				72213BBE2B1D159E00590D99 /* PBXTargetDependency */,
			);
			name = CherriUITests;
			productName = CherriUITests;
			productReference = 72213BBC2B1D159E00590D99 /* CherriUITests.xctest */;
			productType = "com.apple.product-type.bundle.ui-testing";
		};
/* End PBXNativeTarget section */

/* Begin PBXProject section */
		72213B962B1D159B00590D99 /* Project object */ = {
			isa = PBXProject;
			attributes = {
				BuildIndependentTargetsInParallel = 1;
				LastSwiftUpdateCheck = 1500;
				LastUpgradeCheck = 1600;
				TargetAttributes = {
					72213B9D2B1D159C00590D99 = {
						CreatedOnToolsVersion = 15.0.1;
					};
					72213BB12B1D159E00590D99 = {
						CreatedOnToolsVersion = 15.0.1;
						TestTargetID = 72213B9D2B1D159C00590D99;
					};
					72213BBB2B1D159E00590D99 = {
						CreatedOnToolsVersion = 15.0.1;
						TestTargetID = 72213B9D2B1D159C00590D99;
					};
				};
			};
			buildConfigurationList = 72213B992B1D159B00590D99 /* Build configuration list for PBXProject "Cherri" */;
			compatibilityVersion = "Xcode 14.0";
			developmentRegion = en;
			hasScannedForEncodings = 0;
			knownRegions = (
				en,
				Base,
			);
			mainGroup = 72213B952B1D159B00590D99;
			packageReferences = (
				72213BCF2B1D17BE00590D99 /* XCRemoteSwiftPackageReference "CodeEditorView" */,
			);
			productRefGroup = 72213B9F2B1D159C00590D99 /* Products */;
			projectDirPath = "";
			projectRoot = "";
			targets = (
				72213B9D2B1D159C00590D99 /* Cherri */,
				72213BB12B1D159E00590D99 /* CherriTests */,
				72213BBB2B1D159E00590D99 /* CherriUITests */,
			);
		};
/* End PBXProject section */

/* Begin PBXResourcesBuildPhase section */
		72213B9C2B1D159C00590D99 /* Resources */ = {
			isa = PBXResourcesBuildPhase;
			buildActionMask = 2147483647;
			files = (
				724298CC2E89844900BF5234 /* CherriAppIcon.icon in Resources */,
				728358452D5EB38A007F02AD /* cherri_binary in Resources */,
				72213BAB2B1D159E00590D99 /* Preview Assets.xcassets in Resources */,
				72213BA82B1D159E00590D99 /* Assets.xcassets in Resources */,
			);
			runOnlyForDeploymentPostprocessing = 0;
		};
		72213BB02B1D159E00590D99 /* Resources */ = {
			isa = PBXResourcesBuildPhase;
			buildActionMask = 2147483647;
			files = (
			);
			runOnlyForDeploymentPostprocessing = 0;
		};
		72213BBA2B1D159E00590D99 /* Resources */ = {
			isa = PBXResourcesBuildPhase;
			buildActionMask = 2147483647;
			files = (
			);
			runOnlyForDeploymentPostprocessing = 0;
		};
/* End PBXResourcesBuildPhase section */

/* Begin PBXShellScriptBuildPhase section */
		7283584A2D5EBB28007F02AD /* ShellScript */ = {
			isa = PBXShellScriptBuildPhase;
			alwaysOutOfDate = 1;
			buildActionMask = 2147483647;
			files = (
			);
			inputFileListPaths = (
			);
			inputPaths = (
				"$(SRCROOT)/Compiler",
			);
			outputFileListPaths = (
			);
			outputPaths = (
			);
			runOnlyForDeploymentPostprocessing = 0;
			shellPath = /bin/sh;
			shellScript = "\"${PROJECT_DIR}/build_complier.sh\"\n";
		};
/* End PBXShellScriptBuildPhase section */

/* Begin PBXSourcesBuildPhase section */
		72213B9A2B1D159C00590D99 /* Sources */ = {
			isa = PBXSourcesBuildPhase;
			buildActionMask = 2147483647;
			files = (
				72213BA22B1D159C00590D99 /* CherriApp.swift in Sources */,
				72F863B82B2A870C00A98DE6 /* CherriSettings.swift in Sources */,
				72213BA42B1D159C00590D99 /* CherriDocument.swift in Sources */,
				72D4674F2B578C9A00547002 /* AppDelegate.swift in Sources */,
				72D467512B578CB300547002 /* AboutView.swift in Sources */,
				72213BA62B1D159C00590D99 /* ContentView.swift in Sources */,
			);
			runOnlyForDeploymentPostprocessing = 0;
		};
		72213BAE2B1D159E00590D99 /* Sources */ = {
			isa = PBXSourcesBuildPhase;
			buildActionMask = 2147483647;
			files = (
				72213BB72B1D159E00590D99 /* CherriTests.swift in Sources */,
			);
			runOnlyForDeploymentPostprocessing = 0;
		};
		72213BB82B1D159E00590D99 /* Sources */ = {
			isa = PBXSourcesBuildPhase;
			buildActionMask = 2147483647;
			files = (
				72213BC12B1D159E00590D99 /* CherriUITests.swift in Sources */,
				72213BC32B1D159E00590D99 /* CherriUITestsLaunchTests.swift in Sources */,
			);
			runOnlyForDeploymentPostprocessing = 0;
		};
/* End PBXSourcesBuildPhase section */

/* Begin PBXTargetDependency section */
		72213BB42B1D159E00590D99 /* PBXTargetDependency */ = {
			isa = PBXTargetDependency;
			target = 72213B9D2B1D159C00590D99 /* Cherri */;
			targetProxy = 72213BB32B1D159E00590D99 /* PBXContainerItemProxy */;
		};
		72213BBE2B1D159E00590D99 /* PBXTargetDependency */ = {
			isa = PBXTargetDependency;
			target = 72213B9D2B1D159C00590D99 /* Cherri */;
			targetProxy = 72213BBD2B1D159E00590D99 /* PBXContainerItemProxy */;
		};
/* End PBXTargetDependency section */

/* Begin XCBuildConfiguration section */
		72213BC42B1D159E00590D99 /* Debug */ = {
			isa = XCBuildConfiguration;
			buildSettings = {
				ALWAYS_SEARCH_USER_PATHS = NO;
				ASSETCATALOG_COMPILER_GENERATE_SWIFT_ASSET_SYMBOL_EXTENSIONS = YES;
				ASSETCATALOG_COMPILER_GLOBAL_ACCENT_COLOR_NAME = AccentColor;
				CLANG_ANALYZER_NONNULL = YES;
				CLANG_ANALYZER_NUMBER_OBJECT_CONVERSION = YES_AGGRESSIVE;
				CLANG_CXX_LANGUAGE_STANDARD = "gnu++20";
				CLANG_ENABLE_MODULES = YES;
				CLANG_ENABLE_OBJC_ARC = YES;
				CLANG_ENABLE_OBJC_WEAK = YES;
				CLANG_WARN_BLOCK_CAPTURE_AUTORELEASING = YES;
				CLANG_WARN_BOOL_CONVERSION = YES;
				CLANG_WARN_COMMA = YES;
				CLANG_WARN_CONSTANT_CONVERSION = YES;
				CLANG_WARN_DEPRECATED_OBJC_IMPLEMENTATIONS = YES;
				CLANG_WARN_DIRECT_OBJC_ISA_USAGE = YES_ERROR;
				CLANG_WARN_DOCUMENTATION_COMMENTS = YES;
				CLANG_WARN_EMPTY_BODY = YES;
				CLANG_WARN_ENUM_CONVERSION = YES;
				CLANG_WARN_INFINITE_RECURSION = YES;
				CLANG_WARN_INT_CONVERSION = YES;
				CLANG_WARN_NON_LITERAL_NULL_CONVERSION = YES;
				CLANG_WARN_OBJC_IMPLICIT_RETAIN_SELF = YES;
				CLANG_WARN_OBJC_LITERAL_CONVERSION = YES;
				CLANG_WARN_OBJC_ROOT_CLASS = YES_ERROR;
				CLANG_WARN_QUOTED_INCLUDE_IN_FRAMEWORK_HEADER = YES;
				CLANG_WARN_RANGE_LOOP_ANALYSIS = YES;
				CLANG_WARN_STRICT_PROTOTYPES = YES;
				CLANG_WARN_SUSPICIOUS_MOVE = YES;
				CLANG_WARN_UNGUARDED_AVAILABILITY = YES_AGGRESSIVE;
				CLANG_WARN_UNREACHABLE_CODE = YES;
				CLANG_WARN__DUPLICATE_METHOD_MATCH = YES;
				COPY_PHASE_STRIP = NO;
				DEAD_CODE_STRIPPING = YES;
				DEBUG_INFORMATION_FORMAT = dwarf;
				ENABLE_STRICT_OBJC_MSGSEND = YES;
				ENABLE_TESTABILITY = YES;
				ENABLE_USER_SCRIPT_SANDBOXING = NO;
				GCC_C_LANGUAGE_STANDARD = gnu17;
				GCC_DYNAMIC_NO_PIC = NO;
				GCC_NO_COMMON_BLOCKS = YES;
				GCC_OPTIMIZATION_LEVEL = 0;
				GCC_PREPROCESSOR_DEFINITIONS = (
					"DEBUG=1",
					"$(inherited)",
				);
				GCC_WARN_64_TO_32_BIT_CONVERSION = YES;
				GCC_WARN_ABOUT_RETURN_TYPE = YES_ERROR;
				GCC_WARN_UNDECLARED_SELECTOR = YES;
				GCC_WARN_UNINITIALIZED_AUTOS = YES_AGGRESSIVE;
				GCC_WARN_UNUSED_FUNCTION = YES;
				GCC_WARN_UNUSED_VARIABLE = YES;
				LOCALIZATION_PREFERS_STRING_CATALOGS = YES;
				MACOSX_DEPLOYMENT_TARGET = 14.0;
				MTL_ENABLE_DEBUG_INFO = INCLUDE_SOURCE;
				MTL_FAST_MATH = YES;
				ONLY_ACTIVE_ARCH = YES;
				SDKROOT = macosx;
				SWIFT_ACTIVE_COMPILATION_CONDITIONS = "DEBUG $(inherited)";
				SWIFT_OPTIMIZATION_LEVEL = "-Onone";
			};
			name = Debug;
		};
		72213BC52B1D159E00590D99 /* Release */ = {
			isa = XCBuildConfiguration;
			buildSettings = {
				ALWAYS_SEARCH_USER_PATHS = NO;
				ASSETCATALOG_COMPILER_GENERATE_SWIFT_ASSET_SYMBOL_EXTENSIONS = YES;
				ASSETCATALOG_COMPILER_GLOBAL_ACCENT_COLOR_NAME = AccentColor;
				CLANG_ANALYZER_NONNULL = YES;
				CLANG_ANALYZER_NUMBER_OBJECT_CONVERSION = YES_AGGRESSIVE;
				CLANG_CXX_LANGUAGE_STANDARD = "gnu++20";
				CLANG_ENABLE_MODULES = YES;
				CLANG_ENABLE_OBJC_ARC = YES;
				CLANG_ENABLE_OBJC_WEAK = YES;
				CLANG_WARN_BLOCK_CAPTURE_AUTORELEASING = YES;
				CLANG_WARN_BOOL_CONVERSION = YES;
				CLANG_WARN_COMMA = YES;
				CLANG_WARN_CONSTANT_CONVERSION = YES;
				CLANG_WARN_DEPRECATED_OBJC_IMPLEMENTATIONS = YES;
				CLANG_WARN_DIRECT_OBJC_ISA_USAGE = YES_ERROR;
				CLANG_WARN_DOCUMENTATION_COMMENTS = YES;
				CLANG_WARN_EMPTY_BODY = YES;
				CLANG_WARN_ENUM_CONVERSION = YES;
				CLANG_WARN_INFINITE_RECURSION = YES;
				CLANG_WARN_INT_CONVERSION = YES;
				CLANG_WARN_NON_LITERAL_NULL_CONVERSION = YES;
				CLANG_WARN_OBJC_IMPLICIT_RETAIN_SELF = YES;
				CLANG_WARN_OBJC_LITERAL_CONVERSION = YES;
				CLANG_WARN_OBJC_ROOT_CLASS = YES_ERROR;
				CLANG_WARN_QUOTED_INCLUDE_IN_FRAMEWORK_HEADER = YES;
				CLANG_WARN_RANGE_LOOP_ANALYSIS = YES;
				CLANG_WARN_STRICT_PROTOTYPES = YES;
				CLANG_WARN_SUSPICIOUS_MOVE = YES;
				CLANG_WARN_UNGUARDED_AVAILABILITY = YES_AGGRESSIVE;
				CLANG_WARN_UNREACHABLE_CODE = YES;
				CLANG_WARN__DUPLICATE_METHOD_MATCH = YES;
				COPY_PHASE_STRIP = NO;
				DEAD_CODE_STRIPPING = YES;
				DEBUG_INFORMATION_FORMAT = "dwarf-with-dsym";
				ENABLE_NS_ASSERTIONS = NO;
				ENABLE_STRICT_OBJC_MSGSEND = YES;
				ENABLE_USER_SCRIPT_SANDBOXING = NO;
				GCC_C_LANGUAGE_STANDARD = gnu17;
				GCC_NO_COMMON_BLOCKS = YES;
				GCC_WARN_64_TO_32_BIT_CONVERSION = YES;
				GCC_WARN_ABOUT_RETURN_TYPE = YES_ERROR;
				GCC_WARN_UNDECLARED_SELECTOR = YES;
				GCC_WARN_UNINITIALIZED_AUTOS = YES_AGGRESSIVE;
				GCC_WARN_UNUSED_FUNCTION = YES;
				GCC_WARN_UNUSED_VARIABLE = YES;
				LOCALIZATION_PREFERS_STRING_CATALOGS = YES;
				MACOSX_DEPLOYMENT_TARGET = 14.0;
				MTL_ENABLE_DEBUG_INFO = NO;
				MTL_FAST_MATH = YES;
				SDKROOT = macosx;
				SWIFT_COMPILATION_MODE = wholemodule;
			};
			name = Release;
		};
		72213BC72B1D159E00590D99 /* Debug */ = {
			isa = XCBuildConfiguration;
			buildSettings = {
				ASSETCATALOG_COMPILER_APPICON_NAME = CherriAppIcon;
				ASSETCATALOG_COMPILER_GLOBAL_ACCENT_COLOR_NAME = AccentColor;
				ASSETCATALOG_COMPILER_INCLUDE_ALL_APPICON_ASSETS = YES;
				CODE_SIGN_ENTITLEMENTS = Cherri/Cherri.entitlements;
				CODE_SIGN_STYLE = Automatic;
				COMBINE_HIDPI_IMAGES = YES;
				CURRENT_PROJECT_VERSION = 1;
				DEAD_CODE_STRIPPING = YES;
				DEVELOPMENT_ASSET_PATHS = "\"Cherri/Preview Content\"";
				ENABLE_HARDENED_RUNTIME = YES;
				ENABLE_PREVIEWS = YES;
				ENABLE_USER_SCRIPT_SANDBOXING = NO;
				GENERATE_INFOPLIST_FILE = YES;
				INFOPLIST_FILE = Cherri/Info.plist;
				INFOPLIST_KEY_LSApplicationCategoryType = "public.app-category.developer-tools";
				INFOPLIST_KEY_NSHumanReadableCopyright = "";
				LD_RUNPATH_SEARCH_PATHS = (
					"$(inherited)",
					"@executable_path/../Frameworks",
				);
				MARKETING_VERSION = 1.1.0;
				PRODUCT_BUNDLE_IDENTIFIER = org.cherrilang.Cherri;
				PRODUCT_NAME = "$(TARGET_NAME)";
				SWIFT_EMIT_LOC_STRINGS = YES;
				SWIFT_VERSION = 5.0;
			};
			name = Debug;
		};
		72213BC82B1D159E00590D99 /* Release */ = {
			isa = XCBuildConfiguration;
			buildSettings = {
				ASSETCATALOG_COMPILER_APPICON_NAME = CherriAppIcon;
				ASSETCATALOG_COMPILER_GLOBAL_ACCENT_COLOR_NAME = AccentColor;
				ASSETCATALOG_COMPILER_INCLUDE_ALL_APPICON_ASSETS = YES;
				CODE_SIGN_ENTITLEMENTS = Cherri/Cherri.entitlements;
				CODE_SIGN_STYLE = Automatic;
				COMBINE_HIDPI_IMAGES = YES;
				CURRENT_PROJECT_VERSION = 1;
				DEAD_CODE_STRIPPING = YES;
				DEVELOPMENT_ASSET_PATHS = "\"Cherri/Preview Content\"";
				ENABLE_HARDENED_RUNTIME = YES;
				ENABLE_PREVIEWS = YES;
				ENABLE_USER_SCRIPT_SANDBOXING = NO;
				GENERATE_INFOPLIST_FILE = YES;
				INFOPLIST_FILE = Cherri/Info.plist;
				INFOPLIST_KEY_LSApplicationCategoryType = "public.app-category.developer-tools";
				INFOPLIST_KEY_NSHumanReadableCopyright = "";
				LD_RUNPATH_SEARCH_PATHS = (
					"$(inherited)",
					"@executable_path/../Frameworks",
				);
				MARKETING_VERSION = 1.1.0;
				PRODUCT_BUNDLE_IDENTIFIER = org.cherrilang.Cherri;
				PRODUCT_NAME = "$(TARGET_NAME)";
				SWIFT_EMIT_LOC_STRINGS = YES;
				SWIFT_VERSION = 5.0;
			};
			name = Release;
		};
		72213BCA2B1D159E00590D99 /* Debug */ = {
			isa = XCBuildConfiguration;
			buildSettings = {
				BUNDLE_LOADER = "$(TEST_HOST)";
				CODE_SIGN_STYLE = Automatic;
				CURRENT_PROJECT_VERSION = 1;
				DEAD_CODE_STRIPPING = YES;
				GENERATE_INFOPLIST_FILE = YES;
				MACOSX_DEPLOYMENT_TARGET = 14.0;
				MARKETING_VERSION = 1.0;
				PRODUCT_BUNDLE_IDENTIFIER = org.cherrilang.CherriTests;
				PRODUCT_NAME = "$(TARGET_NAME)";
				SWIFT_EMIT_LOC_STRINGS = NO;
				SWIFT_VERSION = 5.0;
				TEST_HOST = "$(BUILT_PRODUCTS_DIR)/Cherri.app/$(BUNDLE_EXECUTABLE_FOLDER_PATH)/Cherri";
			};
			name = Debug;
		};
		72213BCB2B1D159E00590D99 /* Release */ = {
			isa = XCBuildConfiguration;
			buildSettings = {
				BUNDLE_LOADER = "$(TEST_HOST)";
				CODE_SIGN_STYLE = Automatic;
				CURRENT_PROJECT_VERSION = 1;
				DEAD_CODE_STRIPPING = YES;
				GENERATE_INFOPLIST_FILE = YES;
				MACOSX_DEPLOYMENT_TARGET = 14.0;
				MARKETING_VERSION = 1.0;
				PRODUCT_BUNDLE_IDENTIFIER = org.cherrilang.CherriTests;
				PRODUCT_NAME = "$(TARGET_NAME)";
				SWIFT_EMIT_LOC_STRINGS = NO;
				SWIFT_VERSION = 5.0;
				TEST_HOST = "$(BUILT_PRODUCTS_DIR)/Cherri.app/$(BUNDLE_EXECUTABLE_FOLDER_PATH)/Cherri";
			};
			name = Release;
		};
		72213BCD2B1D159E00590D99 /* Debug */ = {
			isa = XCBuildConfiguration;
			buildSettings = {
				CODE_SIGN_STYLE = Automatic;
				CURRENT_PROJECT_VERSION = 1;
				DEAD_CODE_STRIPPING = YES;
				GENERATE_INFOPLIST_FILE = YES;
				MARKETING_VERSION = 1.0;
				PRODUCT_BUNDLE_IDENTIFIER = org.cherrilang.CherriUITests;
				PRODUCT_NAME = "$(TARGET_NAME)";
				SWIFT_EMIT_LOC_STRINGS = NO;
				SWIFT_VERSION = 5.0;
				TEST_TARGET_NAME = Cherri;
			};
			name = Debug;
		};
		72213BCE2B1D159E00590D99 /* Release */ = {
			isa = XCBuildConfiguration;
			buildSettings = {
				CODE_SIGN_STYLE = Automatic;
				CURRENT_PROJECT_VERSION = 1;
				DEAD_CODE_STRIPPING = YES;
				GENERATE_INFOPLIST_FILE = YES;
				MARKETING_VERSION = 1.0;
				PRODUCT_BUNDLE_IDENTIFIER = org.cherrilang.CherriUITests;
				PRODUCT_NAME = "$(TARGET_NAME)";
				SWIFT_EMIT_LOC_STRINGS = NO;
				SWIFT_VERSION = 5.0;
				TEST_TARGET_NAME = Cherri;
			};
			name = Release;
		};
/* End XCBuildConfiguration section */

/* Begin XCConfigurationList section */
		72213B992B1D159B00590D99 /* Build configuration list for PBXProject "Cherri" */ = {
			isa = XCConfigurationList;
			buildConfigurations = (
				72213BC42B1D159E00590D99 /* Debug */,
				72213BC52B1D159E00590D99 /* Release */,
			);
			defaultConfigurationIsVisible = 0;
			defaultConfigurationName = Release;
		};
		72213BC62B1D159E00590D99 /* Build configuration list for PBXNativeTarget "Cherri" */ = {
			isa = XCConfigurationList;
			buildConfigurations = (
				72213BC72B1D159E00590D99 /* Debug */,
				72213BC82B1D159E00590D99 /* Release */,
			);
			defaultConfigurationIsVisible = 0;
			defaultConfigurationName = Release;
		};
		72213BC92B1D159E00590D99 /* Build configuration list for PBXNativeTarget "CherriTests" */ = {
			isa = XCConfigurationList;
			buildConfigurations = (
				72213BCA2B1D159E00590D99 /* Debug */,
				72213BCB2B1D159E00590D99 /* Release */,
			);
			defaultConfigurationIsVisible = 0;
			defaultConfigurationName = Release;
		};
		72213BCC2B1D159E00590D99 /* Build configuration list for PBXNativeTarget "CherriUITests" */ = {
			isa = XCConfigurationList;
			buildConfigurations = (
				72213BCD2B1D159E00590D99 /* Debug */,
				72213BCE2B1D159E00590D99 /* Release */,
			);
			defaultConfigurationIsVisible = 0;
			defaultConfigurationName = Release;
		};
/* End XCConfigurationList section */

/* Begin XCRemoteSwiftPackageReference section */
		72213BCF2B1D17BE00590D99 /* XCRemoteSwiftPackageReference "CodeEditorView" */ = {
			isa = XCRemoteSwiftPackageReference;
			repositoryURL = "https://github.com/mchakravarty/CodeEditorView";
			requirement = {
				kind = upToNextMinorVersion;
				minimumVersion = 0.12.0;
			};
		};
/* End XCRemoteSwiftPackageReference section */

/* Begin XCSwiftPackageProductDependency section */
		72213BD02B1D17BE00590D99 /* CodeEditorView */ = {
			isa = XCSwiftPackageProductDependency;
			package = 72213BCF2B1D17BE00590D99 /* XCRemoteSwiftPackageReference "CodeEditorView" */;
			productName = CodeEditorView;
		};
		72213BD22B1D17BE00590D99 /* LanguageSupport */ = {
			isa = XCSwiftPackageProductDependency;
			package = 72213BCF2B1D17BE00590D99 /* XCRemoteSwiftPackageReference "CodeEditorView" */;
			productName = LanguageSupport;
		};
/* End XCSwiftPackageProductDependency section */
	};
	rootObject = 72213B962B1D159B00590D99 /* Project object */;
}
